
Microsoft Visual Studio Solution File, Format Version 12.00
# Visual Studio Version 17
VisualStudioVersion = 17.11.35017.193
MinimumVisualStudioVersion = 10.0.40219.1
Project("{FAE04EC0-301F-11D3-BF4B-00C04F79EFBC}") = "Task Two", "Task Two.csproj", "{95811FE9-53F9-4B50-B897-1D2D2A4E6A39}"
EndProject
Global
	GlobalSection(SolutionConfigurationPlatforms) = preSolution
		Debug|Any CPU = Debug|Any CPU
		Release|Any CPU = Release|Any CPU
	EndGlobalSection
	GlobalSection(ProjectConfigurationPlatforms) = postSolution
		{95811FE9-53F9-4B50-B897-1D2D2A4E6A39}.Debug|Any CPU.ActiveCfg = Debug|Any CPU
		{95811FE9-53F9-4B50-B897-1D2D2A4E6A39}.Debug|Any CPU.Build.0 = Debug|Any CPU
		{95811FE9-53F9-4B50-B897-1D2D2A4E6A39}.Release|Any CPU.ActiveCfg = Release|Any CPU
		{95811FE9-53F9-4B50-B897-1D2D2A4E6A39}.Release|Any CPU.Build.0 = Release|Any CPU
	EndGlobalSection
	GlobalSection(SolutionProperties) = preSolution
		HideSolutionNode = FALSE
	EndGlobalSection
	GlobalSection(ExtensibilityGlobals) = postSolution
		SolutionGuid = {6C2D28E9-906B-4A6E-B60A-928F8ABB8F91}
	EndGlobalSection
EndGlobal
